
Microsoft Visual Studio Solution File, Format Version 12.00
# Visual Studio Version 16
VisualStudioVersion = 16.0.31005.135
MinimumVisualStudioVersion = 10.0.40219.1
Project("{F184B08F-C81C-45F6-A57F-5ABD9991F28F}") = "demoapp9598", "demoapp9598\demoapp9598.vbproj", "{7EF2899E-983C-4115-9961-7AF3B2DA6B6D}"
EndProject
Global
	GlobalSection(SolutionConfigurationPlatforms) = preSolution
		Debug|Any CPU = Debug|Any CPU
		Release|Any CPU = Release|Any CPU
	EndGlobalSection
	GlobalSection(ProjectConfigurationPlatforms) = postSolution
		{7EF2899E-983C-4115-9961-7AF3B2DA6B6D}.Debug|Any CPU.ActiveCfg = Debug|Any CPU
		{7EF2899E-983C-4115-9961-7AF3B2DA6B6D}.Debug|Any CPU.Build.0 = Debug|Any CPU
		{7EF2899E-983C-4115-9961-7AF3B2DA6B6D}.Release|Any CPU.ActiveCfg = Release|Any CPU
		{7EF2899E-983C-4115-9961-7AF3B2DA6B6D}.Release|Any CPU.Build.0 = Release|Any CPU
	EndGlobalSection
	GlobalSection(SolutionProperties) = preSolution
		HideSolutionNode = FALSE
	EndGlobalSection
	GlobalSection(ExtensibilityGlobals) = postSolution
		SolutionGuid = {EBC56F1B-6370-4E16-86FC-4E049C29C92F}
	EndGlobalSection
EndGlobal
